
Microsoft Visual Studio Solution File, Format Version 11.00
# Visual Studio 2010
Project("{FAE04EC0-301F-11D3-BF4B-00C04F79EFBC}") = "Assembly-CSharp", "Assembly-CSharp.csproj", "{D34303E2-85FE-8E28-5055-A2B183BC685E}"
EndProject
Project("{FAE04EC0-301F-11D3-BF4B-00C04F79EFBC}") = "Assembly-CSharp-firstpass", "Assembly-CSharp-firstpass.csproj", "{C5845C29-9AF8-819A-B6F0-172A993CDA34}"
EndProject
Project("{FAE04EC0-301F-11D3-BF4B-00C04F79EFBC}") = "Assembly-CSharp-Editor-firstpass", "Assembly-CSharp-Editor-firstpass.csproj", "{152ED66B-1E45-A0C4-D109-4FC4376630B6}"
EndProject
Global
	GlobalSection(SolutionConfigurationPlatforms) = preSolution
		Debug|Any CPU = Debug|Any CPU
		Release|Any CPU = Release|Any CPU
	EndGlobalSection
	GlobalSection(ProjectConfigurationPlatforms) = postSolution
		{D34303E2-85FE-8E28-5055-A2B183BC685E}.Debug|Any CPU.ActiveCfg = Debug|Any CPU
		{D34303E2-85FE-8E28-5055-A2B183BC685E}.Debug|Any CPU.Build.0 = Debug|Any CPU
		{D34303E2-85FE-8E28-5055-A2B183BC685E}.Release|Any CPU.ActiveCfg = Release|Any CPU
		{D34303E2-85FE-8E28-5055-A2B183BC685E}.Release|Any CPU.Build.0 = Release|Any CPU
		{C5845C29-9AF8-819A-B6F0-172A993CDA34}.Debug|Any CPU.ActiveCfg = Debug|Any CPU
		{C5845C29-9AF8-819A-B6F0-172A993CDA34}.Debug|Any CPU.Build.0 = Debug|Any CPU
		{C5845C29-9AF8-819A-B6F0-172A993CDA34}.Release|Any CPU.ActiveCfg = Release|Any CPU
		{C5845C29-9AF8-819A-B6F0-172A993CDA34}.Release|Any CPU.Build.0 = Release|Any CPU
		{152ED66B-1E45-A0C4-D109-4FC4376630B6}.Debug|Any CPU.ActiveCfg = Debug|Any CPU
		{152ED66B-1E45-A0C4-D109-4FC4376630B6}.Debug|Any CPU.Build.0 = Debug|Any CPU
		{152ED66B-1E45-A0C4-D109-4FC4376630B6}.Release|Any CPU.ActiveCfg = Release|Any CPU
		{152ED66B-1E45-A0C4-D109-4FC4376630B6}.Release|Any CPU.Build.0 = Release|Any CPU
	EndGlobalSection
	GlobalSection(SolutionProperties) = preSolution
		HideSolutionNode = FALSE
	EndGlobalSection
	GlobalSection(MonoDevelopProperties) = preSolution
		StartupItem = Assembly-CSharp.csproj
	EndGlobalSection
EndGlobal
